PODS:
  - AppAuth (1.7.6):
    - AppAuth/Core (= 1.7.6)
    - AppAuth/ExternalUserAgent (= 1.7.6)
  - AppAuth/Core (1.7.6)
  - AppAuth/ExternalUserAgent (1.7.6):
    - AppAuth/Core
  - Capacitor (8.2.0):
    - CapacitorCordova
  - CapacitorApp (8.0.1):
    - Capacitor
  - CapacitorBrowser (8.0.2):
    - Capacitor
  - CapacitorCommunityAppleSignIn (7.1.0):
    - Capacitor
  - CapacitorCordova (8.2.0)
  - CapacitorKeyboard (8.0.1):
    - Capacitor
  - CapacitorPushNotifications (8.0.2):
    - Capacitor
  - CapacitorVoiceRecorder (7.0.6):
    - Capacitor
  - CodetrixStudioCapacitorGoogleAuth (0.0.1):
    - Capacitor
    - GoogleSignIn (~> 6.2.4)
  - GoogleSignIn (6.2.4):
    - AppAuth (~> 1.5)
    - GTMAppAuth (~> 1.3)
    - GTMSessionFetcher/Core (< 3.0, >= 1.1)
  - GTMAppAuth (1.3.1):
    - AppAuth/Core (~> 1.6)
    - GTMSessionFetcher/Core (< 3.0, >= 1.5)
  - GTMSessionFetcher/Core (2.3.0)
  - PurchasesHybridCommon (17.47.0):
    - RevenueCat (= 5.63.0)
  - RevenueCat (5.63.0)
  - RevenuecatPurchasesCapacitor (12.2.4):
    - Capacitor
    - PurchasesHybridCommon (= 17.47.0)

DEPENDENCIES:
  - "Capacitor (from `../../../node_modules/@capacitor/ios`)"
  - "CapacitorApp (from `../../../node_modules/@capacitor/app`)"
  - "CapacitorBrowser (from `../../../node_modules/@capacitor/browser`)"
  - "CapacitorCommunityAppleSignIn (from `../../../node_modules/@capacitor-community/apple-sign-in`)"
  - "CapacitorCordova (from `../../../node_modules/@capacitor/ios`)"
  - "CapacitorKeyboard (from `../../../node_modules/@capacitor/keyboard`)"
  - "CapacitorPushNotifications (from `../../../node_modules/@capacitor/push-notifications`)"
  - CapacitorVoiceRecorder (from `../../../node_modules/capacitor-voice-recorder`)
  - "CodetrixStudioCapacitorGoogleAuth (from `../../../node_modules/@codetrix-studio/capacitor-google-auth`)"
  - "RevenuecatPurchasesCapacitor (from `../../../node_modules/@revenuecat/purchases-capacitor`)"

SPEC REPOS:
  trunk:
    - AppAuth
    - GoogleSignIn
    - GTMAppAuth
    - GTMSessionFetcher
    - PurchasesHybridCommon
    - RevenueCat

EXTERNAL SOURCES:
  Capacitor:
    :path: "../../../node_modules/@capacitor/ios"
  CapacitorApp:
    :path: "../../../node_modules/@capacitor/app"
  CapacitorBrowser:
    :path: "../../../node_modules/@capacitor/browser"
  CapacitorCommunityAppleSignIn:
    :path: "../../../node_modules/@capacitor-community/apple-sign-in"
  CapacitorCordova:
    :path: "../../../node_modules/@capacitor/ios"
  CapacitorKeyboard:
    :path: "../../../node_modules/@capacitor/keyboard"
  CapacitorPushNotifications:
    :path: "../../../node_modules/@capacitor/push-notifications"
  CapacitorVoiceRecorder:
    :path: "../../../node_modules/capacitor-voice-recorder"
  CodetrixStudioCapacitorGoogleAuth:
    :path: "../../../node_modules/@codetrix-studio/capacitor-google-auth"
  RevenuecatPurchasesCapacitor:
    :path: "../../../node_modules/@revenuecat/purchases-capacitor"

SPEC CHECKSUMS:
  AppAuth: d4f13a8fe0baf391b2108511793e4b479691fb73
  Capacitor: 49a454e1cdbd520bc106a220adca7913536a4933
  CapacitorApp: 942306cd1acf7774a00e89a3986af3a67c8cad7a
  CapacitorBrowser: 76847841b74c11ccac0a1afae18cf06e3bd59044
  CapacitorCommunityAppleSignIn: 271cb2860576fd2961508bbfa7a82117d93eadca
  CapacitorCordova: a9ac88d84a1f5280f33b349fe50fce1902683ac0
  CapacitorKeyboard: 867eb4b3c901d9bb5c3d0c93b546185d52484e19
  CapacitorPushNotifications: 5a1de4191a9fdbeacc84907313eede0bd59d2eb0
  CapacitorVoiceRecorder: 9158861be982f32d411769723a4d813d6ce46135
  CodetrixStudioCapacitorGoogleAuth: 9dcfabfb7dd804ad6231a1513bc6e81e620cbec6
  GoogleSignIn: 5651ce3a61e56ca864160e79b484cd9ed3f49b7a
  GTMAppAuth: 0ff230db599948a9ad7470ca667337803b3fc4dd
  GTMSessionFetcher: 3a63d75eecd6aa32c2fc79f578064e1214dfdec2
  PurchasesHybridCommon: 7794f8a04e50265d595b695d49b8fc212e138d1f
  RevenueCat: c7310bad19cb96a1551c68045303e1faaa1942a5
  RevenuecatPurchasesCapacitor: 6b652e6e001224841fbfb9a97322c46f14d32504

PODFILE CHECKSUM: 6da8283c515adc6782f6111d08a305d6e8620d38

COCOAPODS: 1.16.2
